{
  "name": "eslint-config-react-app",
  "version": "3.0.3",
  "lockfileVersion": 1,
  "requires": true,
  "dependencies": {
    "confusing-browser-globals": {
      "version": "1.0.3",
      "resolved": "https://registry.npmjs.org/confusing-browser-globals/-/confusing-browser-globals-1.0.3.tgz",
      "integrity": "sha512-I+wBkVHWYZtnYj3/Ix72w7zHn9kM3pJJ9IkegXa+V3Hlw91Q+1lVlIbwW81GpoH2mHfNr+HTEPdLzMEtbvzYhQ=="
    }
  }
}
